<Solution>
  <Folder Name="/Components/">
    <Project Path="Logger/Logger.csproj" />
    <Project Path="PGAdminDAL/PGAdminDAL.csproj" />
    <Project Path="Redis/Redis.csproj" />
  </Folder>
  <Folder Name="/Components/Hash/" />
  <Folder Name="/Rest/">
    <Project Path="Identification/Identification.csproj" />
  </Folder>
  <Folder Name="/Tests/" />
  <Project Path="docker-compose.dcproj">
    <Build />
  </Project>
</Solution>
